
Microsoft Visual Studio Solution File, Format Version 12.00
# Visual Studio Version 17
VisualStudioVersion = 17.5.33627.172
MinimumVisualStudioVersion = 10.0.40219.1
Project("{FAE04EC0-301F-11D3-BF4B-00C04F79EFBC}") = "4.1.2.3-ObjectOrientedProgramming", "4.1.2.3-ObjectOrientedProgramming\4.1.2.3-ObjectOrientedProgramming.csproj", "{8571F200-A279-4887-B267-ACAE9B7A9052}"
EndProject
Global
	GlobalSection(SolutionConfigurationPlatforms) = preSolution
		Debug|Any CPU = Debug|Any CPU
		Release|Any CPU = Release|Any CPU
	EndGlobalSection
	GlobalSection(ProjectConfigurationPlatforms) = postSolution
		{8571F200-A279-4887-B267-ACAE9B7A9052}.Debug|Any CPU.ActiveCfg = Debug|Any CPU
		{8571F200-A279-4887-B267-ACAE9B7A9052}.Debug|Any CPU.Build.0 = Debug|Any CPU
		{8571F200-A279-4887-B267-ACAE9B7A9052}.Release|Any CPU.ActiveCfg = Release|Any CPU
		{8571F200-A279-4887-B267-ACAE9B7A9052}.Release|Any CPU.Build.0 = Release|Any CPU
	EndGlobalSection
	GlobalSection(SolutionProperties) = preSolution
		HideSolutionNode = FALSE
	EndGlobalSection
	GlobalSection(ExtensibilityGlobals) = postSolution
		SolutionGuid = {1FF542FB-9ECC-4306-B2C2-7F307D3941B8}
	EndGlobalSection
EndGlobal
